
Microsoft Visual Studio Solution File, Format Version 12.00
# Visual Studio 15
VisualStudioVersion = 15.0.26730.8
MinimumVisualStudioVersion = 10.0.40219.1
Project("{FAE04EC0-301F-11D3-BF4B-00C04F79EFBC}") = "KolonizeUniverseTest", "Kolonize\KolonizeUniverseTest.csproj", "{5E354732-4274-4912-8EEA-580E84104634}"
EndProject
Project("{FAE04EC0-301F-11D3-BF4B-00C04F79EFBC}") = "Universe", "Universe\Universe.csproj", "{79F00847-AC71-4BD0-B881-69BEBB594C82}"
EndProject
Project("{FAE04EC0-301F-11D3-BF4B-00C04F79EFBC}") = "KolonizeServer", "KolonizeServer\KolonizeServer.csproj", "{3D588EFD-B173-4C11-B8C7-8497A55D35AE}"
EndProject
Project("{FAE04EC0-301F-11D3-BF4B-00C04F79EFBC}") = "KolonizeClient", "KolonizeClient\KolonizeClient.csproj", "{2D6687ED-9931-4433-9E93-2FC1A36F8B9F}"
EndProject
Project("{FAE04EC0-301F-11D3-BF4B-00C04F79EFBC}") = "KolonizeNet", "KolonizeNet\KolonizeNet.csproj", "{DAB25536-4EB8-460B-AC16-CFA6F09E1486}"
EndProject
Project("{888888A0-9F3D-457C-B088-3A5042F75D52}") = "KolonizeWebApp", "KolonizeWebApp\KolonizeWebApp.pyproj", "{AFBEE59E-F659-47AF-A6BD-5C67F099EE0C}"
EndProject
Global
	GlobalSection(SolutionConfigurationPlatforms) = preSolution
		Debug|Any CPU = Debug|Any CPU
		Release|Any CPU = Release|Any CPU
	EndGlobalSection
	GlobalSection(ProjectConfigurationPlatforms) = postSolution
		{5E354732-4274-4912-8EEA-580E84104634}.Debug|Any CPU.ActiveCfg = Debug|Any CPU
		{5E354732-4274-4912-8EEA-580E84104634}.Debug|Any CPU.Build.0 = Debug|Any CPU
		{5E354732-4274-4912-8EEA-580E84104634}.Release|Any CPU.ActiveCfg = Release|Any CPU
		{5E354732-4274-4912-8EEA-580E84104634}.Release|Any CPU.Build.0 = Release|Any CPU
		{79F00847-AC71-4BD0-B881-69BEBB594C82}.Debug|Any CPU.ActiveCfg = Debug|Any CPU
		{79F00847-AC71-4BD0-B881-69BEBB594C82}.Debug|Any CPU.Build.0 = Debug|Any CPU
		{79F00847-AC71-4BD0-B881-69BEBB594C82}.Release|Any CPU.ActiveCfg = Release|Any CPU
		{79F00847-AC71-4BD0-B881-69BEBB594C82}.Release|Any CPU.Build.0 = Release|Any CPU
		{3D588EFD-B173-4C11-B8C7-8497A55D35AE}.Debug|Any CPU.ActiveCfg = Debug|Any CPU
		{3D588EFD-B173-4C11-B8C7-8497A55D35AE}.Debug|Any CPU.Build.0 = Debug|Any CPU
		{3D588EFD-B173-4C11-B8C7-8497A55D35AE}.Release|Any CPU.ActiveCfg = Release|Any CPU
		{3D588EFD-B173-4C11-B8C7-8497A55D35AE}.Release|Any CPU.Build.0 = Release|Any CPU
		{2D6687ED-9931-4433-9E93-2FC1A36F8B9F}.Debug|Any CPU.ActiveCfg = Debug|Any CPU
		{2D6687ED-9931-4433-9E93-2FC1A36F8B9F}.Debug|Any CPU.Build.0 = Debug|Any CPU
		{2D6687ED-9931-4433-9E93-2FC1A36F8B9F}.Release|Any CPU.ActiveCfg = Release|Any CPU
		{2D6687ED-9931-4433-9E93-2FC1A36F8B9F}.Release|Any CPU.Build.0 = Release|Any CPU
		{DAB25536-4EB8-460B-AC16-CFA6F09E1486}.Debug|Any CPU.ActiveCfg = Debug|Any CPU
		{DAB25536-4EB8-460B-AC16-CFA6F09E1486}.Debug|Any CPU.Build.0 = Debug|Any CPU
		{DAB25536-4EB8-460B-AC16-CFA6F09E1486}.Release|Any CPU.ActiveCfg = Release|Any CPU
		{DAB25536-4EB8-460B-AC16-CFA6F09E1486}.Release|Any CPU.Build.0 = Release|Any CPU
		{AFBEE59E-F659-47AF-A6BD-5C67F099EE0C}.Debug|Any CPU.ActiveCfg = Debug|Any CPU
		{AFBEE59E-F659-47AF-A6BD-5C67F099EE0C}.Debug|Any CPU.Build.0 = Debug|Any CPU
		{AFBEE59E-F659-47AF-A6BD-5C67F099EE0C}.Release|Any CPU.ActiveCfg = Release|Any CPU
		{AFBEE59E-F659-47AF-A6BD-5C67F099EE0C}.Release|Any CPU.Build.0 = Release|Any CPU
	EndGlobalSection
	GlobalSection(SolutionProperties) = preSolution
		HideSolutionNode = FALSE
	EndGlobalSection
	GlobalSection(ExtensibilityGlobals) = postSolution
		SolutionGuid = {1B150E7E-BB50-41DE-8E95-0E33B3C5A615}
	EndGlobalSection
EndGlobal
